PODS:
  - FeedKit (6.1.0)
  - Kingfisher (3.6.2)

DEPENDENCIES:
  - FeedKit (~> 6.1.0)
  - Kingfisher (~> 3.0)

SPEC CHECKSUMS:
  FeedKit: a4107294e57d5eea5f81a0b391e34d66b1c361b1
  Kingfisher: 2c94e72c6830622c71d06adf4ea024c37d316830

PODFILE CHECKSUM: 05b06c52462654680954c17225ca3890e89f7cfb

COCOAPODS: 1.1.1
