// !$*UTF8*$!
{
	archiveVersion = 1;
	classes = {
	};
	objectVersion = 46;
	objects = {

/* Begin PBXBuildFile section */
		D25EDEA71DDF979600267243 /* Lato-Black.ttf in Resources */ = {isa = PBXBuildFile; fileRef = D25EDEA31DDF979600267243 /* Lato-Black.ttf */; };
		D25EDEA81DDF979600267243 /* Lato-Bold.ttf in Resources */ = {isa = PBXBuildFile; fileRef = D25EDEA41DDF979600267243 /* Lato-Bold.ttf */; };
		D25EDEA91DDF979600267243 /* Lato-Light.ttf in Resources */ = {isa = PBXBuildFile; fileRef = D25EDEA51DDF979600267243 /* Lato-Light.ttf */; };
		D25EDEAA1DDF979600267243 /* Lato-Regular.ttf in Resources */ = {isa = PBXBuildFile; fileRef = D25EDEA61DDF979600267243 /* Lato-Regular.ttf */; };
		D25EDEAC1DDF981300267243 /* CarterOne.ttf in Resources */ = {isa = PBXBuildFile; fileRef = D25EDEAB1DDF981300267243 /* CarterOne.ttf */; };
		D25EDEAE1DDFAE5200267243 /* AniManagerButton.swift in Sources */ = {isa = PBXBuildFile; fileRef = D25EDEAD1DDFAE5200267243 /* AniManagerButton.swift */; };
		D25EDEB01DDFB33E00267243 /* LoginViewController.swift in Sources */ = {isa = PBXBuildFile; fileRef = D25EDEAF1DDFB33E00267243 /* LoginViewController.swift */; };
		D25EDEB41DE08B9700267243 /* WebViewController.swift in Sources */ = {isa = PBXBuildFile; fileRef = D25EDEB31DE08B9700267243 /* WebViewController.swift */; };
		D25EDEB61DE0909300267243 /* Constant.swift in Sources */ = {isa = PBXBuildFile; fileRef = D25EDEB51DE0909300267243 /* Constant.swift */; };
		D25EDEBC1DE1F3EE00267243 /* ErrorMessageView.swift in Sources */ = {isa = PBXBuildFile; fileRef = D25EDEBB1DE1F3EE00267243 /* ErrorMessageView.swift */; };
		D25EDEBF1DE2515C00267243 /* AniListConstant.swift in Sources */ = {isa = PBXBuildFile; fileRef = D25EDEBE1DE2515C00267243 /* AniListConstant.swift */; };
		D25EDEC21DE2777A00267243 /* AniListClient.swift in Sources */ = {isa = PBXBuildFile; fileRef = D25EDEC11DE2777A00267243 /* AniListClient.swift */; };
		D25EDEC41DE3AF9900267243 /* AccessToken.swift in Sources */ = {isa = PBXBuildFile; fileRef = D25EDEC31DE3AF9900267243 /* AccessToken.swift */; };
		D25EDEC61DE452BF00267243 /* TabBarIcons.xcassets in Resources */ = {isa = PBXBuildFile; fileRef = D25EDEC51DE452BF00267243 /* TabBarIcons.xcassets */; };
		D25EDEC81DE452D300267243 /* Icons.xcassets in Resources */ = {isa = PBXBuildFile; fileRef = D25EDEC71DE452D300267243 /* Icons.xcassets */; };
		D25EDECA1DE452E100267243 /* AppIcon.xcassets in Resources */ = {isa = PBXBuildFile; fileRef = D25EDEC91DE452E100267243 /* AppIcon.xcassets */; };
		D27A77B51DDF861700228EF2 /* AppDelegate.swift in Sources */ = {isa = PBXBuildFile; fileRef = D27A77B41DDF861700228EF2 /* AppDelegate.swift */; };
		D27A77BA1DDF861700228EF2 /* Main.storyboard in Resources */ = {isa = PBXBuildFile; fileRef = D27A77B81DDF861700228EF2 /* Main.storyboard */; };
		D27A77BF1DDF861700228EF2 /* LaunchScreen.storyboard in Resources */ = {isa = PBXBuildFile; fileRef = D27A77BD1DDF861700228EF2 /* LaunchScreen.storyboard */; };
/* End PBXBuildFile section */

/* Begin PBXFileReference section */
		D25EDEA31DDF979600267243 /* Lato-Black.ttf */ = {isa = PBXFileReference; lastKnownFileType = file; path = "Lato-Black.ttf"; sourceTree = "<group>"; };
		D25EDEA41DDF979600267243 /* Lato-Bold.ttf */ = {isa = PBXFileReference; lastKnownFileType = file; path = "Lato-Bold.ttf"; sourceTree = "<group>"; };
		D25EDEA51DDF979600267243 /* Lato-Light.ttf */ = {isa = PBXFileReference; lastKnownFileType = file; path = "Lato-Light.ttf"; sourceTree = "<group>"; };
		D25EDEA61DDF979600267243 /* Lato-Regular.ttf */ = {isa = PBXFileReference; lastKnownFileType = file; path = "Lato-Regular.ttf"; sourceTree = "<group>"; };
		D25EDEAB1DDF981300267243 /* CarterOne.ttf */ = {isa = PBXFileReference; lastKnownFileType = file; path = CarterOne.ttf; sourceTree = "<group>"; };
		D25EDEAD1DDFAE5200267243 /* AniManagerButton.swift */ = {isa = PBXFileReference; fileEncoding = 4; lastKnownFileType = sourcecode.swift; path = AniManagerButton.swift; sourceTree = "<group>"; };
		D25EDEAF1DDFB33E00267243 /* LoginViewController.swift */ = {isa = PBXFileReference; fileEncoding = 4; lastKnownFileType = sourcecode.swift; path = LoginViewController.swift; sourceTree = "<group>"; };
		D25EDEB31DE08B9700267243 /* WebViewController.swift */ = {isa = PBXFileReference; fileEncoding = 4; lastKnownFileType = sourcecode.swift; path = WebViewController.swift; sourceTree = "<group>"; };
		D25EDEB51DE0909300267243 /* Constant.swift */ = {isa = PBXFileReference; fileEncoding = 4; lastKnownFileType = sourcecode.swift; path = Constant.swift; sourceTree = "<group>"; };
		D25EDEBB1DE1F3EE00267243 /* ErrorMessageView.swift */ = {isa = PBXFileReference; fileEncoding = 4; lastKnownFileType = sourcecode.swift; path = ErrorMessageView.swift; sourceTree = "<group>"; };
		D25EDEBE1DE2515C00267243 /* AniListConstant.swift */ = {isa = PBXFileReference; fileEncoding = 4; lastKnownFileType = sourcecode.swift; path = AniListConstant.swift; sourceTree = "<group>"; };
		D25EDEC11DE2777A00267243 /* AniListClient.swift */ = {isa = PBXFileReference; fileEncoding = 4; lastKnownFileType = sourcecode.swift; path = AniListClient.swift; sourceTree = "<group>"; };
		D25EDEC31DE3AF9900267243 /* AccessToken.swift */ = {isa = PBXFileReference; fileEncoding = 4; lastKnownFileType = sourcecode.swift; path = AccessToken.swift; sourceTree = "<group>"; };
		D25EDEC51DE452BF00267243 /* TabBarIcons.xcassets */ = {isa = PBXFileReference; lastKnownFileType = folder.assetcatalog; path = TabBarIcons.xcassets; sourceTree = "<group>"; };
		D25EDEC71DE452D300267243 /* Icons.xcassets */ = {isa = PBXFileReference; lastKnownFileType = folder.assetcatalog; path = Icons.xcassets; sourceTree = "<group>"; };
		D25EDEC91DE452E100267243 /* AppIcon.xcassets */ = {isa = PBXFileReference; lastKnownFileType = folder.assetcatalog; path = AppIcon.xcassets; sourceTree = "<group>"; };
		D27A77B11DDF861700228EF2 /* AniManager.app */ = {isa = PBXFileReference; explicitFileType = wrapper.application; includeInIndex = 0; path = AniManager.app; sourceTree = BUILT_PRODUCTS_DIR; };
		D27A77B41DDF861700228EF2 /* AppDelegate.swift */ = {isa = PBXFileReference; lastKnownFileType = sourcecode.swift; path = AppDelegate.swift; sourceTree = "<group>"; };
		D27A77B91DDF861700228EF2 /* Base */ = {isa = PBXFileReference; lastKnownFileType = file.storyboard; name = Base; path = Base.lproj/Main.storyboard; sourceTree = "<group>"; };
		D27A77BE1DDF861700228EF2 /* Base */ = {isa = PBXFileReference; lastKnownFileType = file.storyboard; name = Base; path = Base.lproj/LaunchScreen.storyboard; sourceTree = "<group>"; };
		D27A77C01DDF861700228EF2 /* Info.plist */ = {isa = PBXFileReference; lastKnownFileType = text.plist.xml; path = Info.plist; sourceTree = "<group>"; };
/* End PBXFileReference section */

/* Begin PBXFrameworksBuildPhase section */
		D27A77AE1DDF861700228EF2 /* Frameworks */ = {
			isa = PBXFrameworksBuildPhase;
			buildActionMask = 2147483647;
			files = (
			);
			runOnlyForDeploymentPostprocessing = 0;
		};
/* End PBXFrameworksBuildPhase section */

/* Begin PBXGroup section */
		D25EDE9B1DDF8FE500267243 /* Models */ = {
			isa = PBXGroup;
			children = (
				D25EDEC01DE2552700267243 /* Clients */,
			);
			name = Models;
			sourceTree = "<group>";
		};
		D25EDE9C1DDF8FEF00267243 /* Views */ = {
			isa = PBXGroup;
			children = (
				D25EDEAD1DDFAE5200267243 /* AniManagerButton.swift */,
				D25EDEBB1DE1F3EE00267243 /* ErrorMessageView.swift */,
			);
			name = Views;
			sourceTree = "<group>";
		};
		D25EDE9D1DDF8FFA00267243 /* Controllers */ = {
			isa = PBXGroup;
			children = (
				D25EDEAF1DDFB33E00267243 /* LoginViewController.swift */,
				D25EDEB31DE08B9700267243 /* WebViewController.swift */,
			);
			name = Controllers;
			sourceTree = "<group>";
		};
		D25EDE9E1DDF901C00267243 /* Supporting Files */ = {
			isa = PBXGroup;
			children = (
				D27A77C01DDF861700228EF2 /* Info.plist */,
			);
			name = "Supporting Files";
			sourceTree = "<group>";
		};
		D25EDE9F1DDF909300267243 /* Storyboards */ = {
			isa = PBXGroup;
			children = (
				D27A77B81DDF861700228EF2 /* Main.storyboard */,
				D27A77BD1DDF861700228EF2 /* LaunchScreen.storyboard */,
			);
			name = Storyboards;
			sourceTree = "<group>";
		};
		D25EDEA11DDF956000267243 /* Resources */ = {
			isa = PBXGroup;
			children = (
				D25EDEA21DDF973200267243 /* Fonts */,
				D25EDEC51DE452BF00267243 /* TabBarIcons.xcassets */,
				D25EDEC71DE452D300267243 /* Icons.xcassets */,
				D25EDEC91DE452E100267243 /* AppIcon.xcassets */,
			);
			name = Resources;
			sourceTree = "<group>";
		};
		D25EDEA21DDF973200267243 /* Fonts */ = {
			isa = PBXGroup;
			children = (
				D25EDEA31DDF979600267243 /* Lato-Black.ttf */,
				D25EDEA41DDF979600267243 /* Lato-Bold.ttf */,
				D25EDEA51DDF979600267243 /* Lato-Light.ttf */,
				D25EDEA61DDF979600267243 /* Lato-Regular.ttf */,
				D25EDEAB1DDF981300267243 /* CarterOne.ttf */,
			);
			name = Fonts;
			sourceTree = "<group>";
		};
		D25EDEBD1DE2513400267243 /* AniList */ = {
			isa = PBXGroup;
			children = (
				D25EDEBE1DE2515C00267243 /* AniListConstant.swift */,
				D25EDEC11DE2777A00267243 /* AniListClient.swift */,
				D25EDEC31DE3AF9900267243 /* AccessToken.swift */,
			);
			name = AniList;
			sourceTree = "<group>";
		};
		D25EDEC01DE2552700267243 /* Clients */ = {
			isa = PBXGroup;
			children = (
				D25EDEBD1DE2513400267243 /* AniList */,
			);
			name = Clients;
			sourceTree = "<group>";
		};
		D27A77A81DDF861700228EF2 = {
			isa = PBXGroup;
			children = (
				D27A77B31DDF861700228EF2 /* AniManager */,
				D27A77B21DDF861700228EF2 /* Products */,
			);
			sourceTree = "<group>";
		};
		D27A77B21DDF861700228EF2 /* Products */ = {
			isa = PBXGroup;
			children = (
				D27A77B11DDF861700228EF2 /* AniManager.app */,
			);
			name = Products;
			sourceTree = "<group>";
		};
		D27A77B31DDF861700228EF2 /* AniManager */ = {
			isa = PBXGroup;
			children = (
				D27A77B41DDF861700228EF2 /* AppDelegate.swift */,
				D25EDEB51DE0909300267243 /* Constant.swift */,
				D25EDE9B1DDF8FE500267243 /* Models */,
				D25EDE9C1DDF8FEF00267243 /* Views */,
				D25EDE9D1DDF8FFA00267243 /* Controllers */,
				D25EDE9F1DDF909300267243 /* Storyboards */,
				D25EDEA11DDF956000267243 /* Resources */,
				D25EDE9E1DDF901C00267243 /* Supporting Files */,
			);
			path = AniManager;
			sourceTree = "<group>";
		};
/* End PBXGroup section */

/* Begin PBXNativeTarget section */
		D27A77B01DDF861700228EF2 /* AniManager */ = {
			isa = PBXNativeTarget;
			buildConfigurationList = D27A77C31DDF861700228EF2 /* Build configuration list for PBXNativeTarget "AniManager" */;
			buildPhases = (
				D27A77AD1DDF861700228EF2 /* Sources */,
				D27A77AE1DDF861700228EF2 /* Frameworks */,
				D27A77AF1DDF861700228EF2 /* Resources */,
			);
			buildRules = (
			);
			dependencies = (
			);
			name = AniManager;
			productName = AniManager;
			productReference = D27A77B11DDF861700228EF2 /* AniManager.app */;
			productType = "com.apple.product-type.application";
		};
/* End PBXNativeTarget section */

/* Begin PBXProject section */
		D27A77A91DDF861700228EF2 /* Project object */ = {
			isa = PBXProject;
			attributes = {
				LastSwiftUpdateCheck = 0810;
				LastUpgradeCheck = 0810;
				ORGANIZATIONNAME = "Tobias Helmrich";
				TargetAttributes = {
					D27A77B01DDF861700228EF2 = {
						CreatedOnToolsVersion = 8.1;
						DevelopmentTeam = QT2SGLRBWW;
						ProvisioningStyle = Automatic;
					};
				};
			};
			buildConfigurationList = D27A77AC1DDF861700228EF2 /* Build configuration list for PBXProject "AniManager" */;
			compatibilityVersion = "Xcode 3.2";
			developmentRegion = English;
			hasScannedForEncodings = 0;
			knownRegions = (
				en,
				Base,
			);
			mainGroup = D27A77A81DDF861700228EF2;
			productRefGroup = D27A77B21DDF861700228EF2 /* Products */;
			projectDirPath = "";
			projectRoot = "";
			targets = (
				D27A77B01DDF861700228EF2 /* AniManager */,
			);
		};
/* End PBXProject section */

/* Begin PBXResourcesBuildPhase section */
		D27A77AF1DDF861700228EF2 /* Resources */ = {
			isa = PBXResourcesBuildPhase;
			buildActionMask = 2147483647;
			files = (
				D25EDEA71DDF979600267243 /* Lato-Black.ttf in Resources */,
				D25EDEA81DDF979600267243 /* Lato-Bold.ttf in Resources */,
				D27A77BF1DDF861700228EF2 /* LaunchScreen.storyboard in Resources */,
				D25EDEA91DDF979600267243 /* Lato-Light.ttf in Resources */,
				D25EDEC81DE452D300267243 /* Icons.xcassets in Resources */,
				D25EDEC61DE452BF00267243 /* TabBarIcons.xcassets in Resources */,
				D25EDEAC1DDF981300267243 /* CarterOne.ttf in Resources */,
				D25EDEAA1DDF979600267243 /* Lato-Regular.ttf in Resources */,
				D27A77BA1DDF861700228EF2 /* Main.storyboard in Resources */,
				D25EDECA1DE452E100267243 /* AppIcon.xcassets in Resources */,
			);
			runOnlyForDeploymentPostprocessing = 0;
		};
/* End PBXResourcesBuildPhase section */

/* Begin PBXSourcesBuildPhase section */
		D27A77AD1DDF861700228EF2 /* Sources */ = {
			isa = PBXSourcesBuildPhase;
			buildActionMask = 2147483647;
			files = (
				D25EDEB01DDFB33E00267243 /* LoginViewController.swift in Sources */,
				D25EDEC21DE2777A00267243 /* AniListClient.swift in Sources */,
				D25EDEC41DE3AF9900267243 /* AccessToken.swift in Sources */,
				D25EDEBC1DE1F3EE00267243 /* ErrorMessageView.swift in Sources */,
				D25EDEAE1DDFAE5200267243 /* AniManagerButton.swift in Sources */,
				D25EDEB41DE08B9700267243 /* WebViewController.swift in Sources */,
				D27A77B51DDF861700228EF2 /* AppDelegate.swift in Sources */,
				D25EDEBF1DE2515C00267243 /* AniListConstant.swift in Sources */,
				D25EDEB61DE0909300267243 /* Constant.swift in Sources */,
			);
			runOnlyForDeploymentPostprocessing = 0;
		};
/* End PBXSourcesBuildPhase section */

/* Begin PBXVariantGroup section */
		D27A77B81DDF861700228EF2 /* Main.storyboard */ = {
			isa = PBXVariantGroup;
			children = (
				D27A77B91DDF861700228EF2 /* Base */,
			);
			name = Main.storyboard;
			sourceTree = "<group>";
		};
		D27A77BD1DDF861700228EF2 /* LaunchScreen.storyboard */ = {
			isa = PBXVariantGroup;
			children = (
				D27A77BE1DDF861700228EF2 /* Base */,
			);
			name = LaunchScreen.storyboard;
			sourceTree = "<group>";
		};
/* End PBXVariantGroup section */

/* Begin XCBuildConfiguration section */
		D27A77C11DDF861700228EF2 /* Debug */ = {
			isa = XCBuildConfiguration;
			buildSettings = {
				ALWAYS_SEARCH_USER_PATHS = NO;
				CLANG_ANALYZER_NONNULL = YES;
				CLANG_CXX_LANGUAGE_STANDARD = "gnu++0x";
				CLANG_CXX_LIBRARY = "libc++";
				CLANG_ENABLE_MODULES = YES;
				CLANG_ENABLE_OBJC_ARC = YES;
				CLANG_WARN_BOOL_CONVERSION = YES;
				CLANG_WARN_CONSTANT_CONVERSION = YES;
				CLANG_WARN_DIRECT_OBJC_ISA_USAGE = YES_ERROR;
				CLANG_WARN_DOCUMENTATION_COMMENTS = YES;
				CLANG_WARN_EMPTY_BODY = YES;
				CLANG_WARN_ENUM_CONVERSION = YES;
				CLANG_WARN_INFINITE_RECURSION = YES;
				CLANG_WARN_INT_CONVERSION = YES;
				CLANG_WARN_OBJC_ROOT_CLASS = YES_ERROR;
				CLANG_WARN_SUSPICIOUS_MOVES = YES;
				CLANG_WARN_UNREACHABLE_CODE = YES;
				CLANG_WARN__DUPLICATE_METHOD_MATCH = YES;
				"CODE_SIGN_IDENTITY[sdk=iphoneos*]" = "iPhone Developer";
				COPY_PHASE_STRIP = NO;
				DEBUG_INFORMATION_FORMAT = dwarf;
				ENABLE_STRICT_OBJC_MSGSEND = YES;
				ENABLE_TESTABILITY = YES;
				GCC_C_LANGUAGE_STANDARD = gnu99;
				GCC_DYNAMIC_NO_PIC = NO;
				GCC_NO_COMMON_BLOCKS = YES;
				GCC_OPTIMIZATION_LEVEL = 0;
				GCC_PREPROCESSOR_DEFINITIONS = (
					"DEBUG=1",
					"$(inherited)",
				);
				GCC_WARN_64_TO_32_BIT_CONVERSION = YES;
				GCC_WARN_ABOUT_RETURN_TYPE = YES_ERROR;
				GCC_WARN_UNDECLARED_SELECTOR = YES;
				GCC_WARN_UNINITIALIZED_AUTOS = YES_AGGRESSIVE;
				GCC_WARN_UNUSED_FUNCTION = YES;
				GCC_WARN_UNUSED_VARIABLE = YES;
				IPHONEOS_DEPLOYMENT_TARGET = 10.1;
				MTL_ENABLE_DEBUG_INFO = YES;
				ONLY_ACTIVE_ARCH = YES;
				SDKROOT = iphoneos;
				SWIFT_ACTIVE_COMPILATION_CONDITIONS = DEBUG;
				SWIFT_OPTIMIZATION_LEVEL = "-Onone";
				TARGETED_DEVICE_FAMILY = "1,2";
			};
			name = Debug;
		};
		D27A77C21DDF861700228EF2 /* Release */ = {
			isa = XCBuildConfiguration;
			buildSettings = {
				ALWAYS_SEARCH_USER_PATHS = NO;
				CLANG_ANALYZER_NONNULL = YES;
				CLANG_CXX_LANGUAGE_STANDARD = "gnu++0x";
				CLANG_CXX_LIBRARY = "libc++";
				CLANG_ENABLE_MODULES = YES;
				CLANG_ENABLE_OBJC_ARC = YES;
				CLANG_WARN_BOOL_CONVERSION = YES;
				CLANG_WARN_CONSTANT_CONVERSION = YES;
				CLANG_WARN_DIRECT_OBJC_ISA_USAGE = YES_ERROR;
				CLANG_WARN_DOCUMENTATION_COMMENTS = YES;
				CLANG_WARN_EMPTY_BODY = YES;
				CLANG_WARN_ENUM_CONVERSION = YES;
				CLANG_WARN_INFINITE_RECURSION = YES;
				CLANG_WARN_INT_CONVERSION = YES;
				CLANG_WARN_OBJC_ROOT_CLASS = YES_ERROR;
				CLANG_WARN_SUSPICIOUS_MOVES = YES;
				CLANG_WARN_UNREACHABLE_CODE = YES;
				CLANG_WARN__DUPLICATE_METHOD_MATCH = YES;
				"CODE_SIGN_IDENTITY[sdk=iphoneos*]" = "iPhone Developer";
				COPY_PHASE_STRIP = NO;
				DEBUG_INFORMATION_FORMAT = "dwarf-with-dsym";
				ENABLE_NS_ASSERTIONS = NO;
				ENABLE_STRICT_OBJC_MSGSEND = YES;
				GCC_C_LANGUAGE_STANDARD = gnu99;
				GCC_NO_COMMON_BLOCKS = YES;
				GCC_WARN_64_TO_32_BIT_CONVERSION = YES;
				GCC_WARN_ABOUT_RETURN_TYPE = YES_ERROR;
				GCC_WARN_UNDECLARED_SELECTOR = YES;
				GCC_WARN_UNINITIALIZED_AUTOS = YES_AGGRESSIVE;
				GCC_WARN_UNUSED_FUNCTION = YES;
				GCC_WARN_UNUSED_VARIABLE = YES;
				IPHONEOS_DEPLOYMENT_TARGET = 10.1;
				MTL_ENABLE_DEBUG_INFO = NO;
				SDKROOT = iphoneos;
				SWIFT_OPTIMIZATION_LEVEL = "-Owholemodule";
				TARGETED_DEVICE_FAMILY = "1,2";
				VALIDATE_PRODUCT = YES;
			};
			name = Release;
		};
		D27A77C41DDF861700228EF2 /* Debug */ = {
			isa = XCBuildConfiguration;
			buildSettings = {
				ASSETCATALOG_COMPILER_APPICON_NAME = AppIcon;
				DEVELOPMENT_TEAM = QT2SGLRBWW;
				INFOPLIST_FILE = AniManager/Info.plist;
				LD_RUNPATH_SEARCH_PATHS = "$(inherited) @executable_path/Frameworks";
				PRODUCT_BUNDLE_IDENTIFIER = "de.tobias-helmrich.AniManager";
				PRODUCT_NAME = "$(TARGET_NAME)";
				SWIFT_VERSION = 3.0;
			};
			name = Debug;
		};
		D27A77C51DDF861700228EF2 /* Release */ = {
			isa = XCBuildConfiguration;
			buildSettings = {
				ASSETCATALOG_COMPILER_APPICON_NAME = AppIcon;
				DEVELOPMENT_TEAM = QT2SGLRBWW;
				INFOPLIST_FILE = AniManager/Info.plist;
				LD_RUNPATH_SEARCH_PATHS = "$(inherited) @executable_path/Frameworks";
				PRODUCT_BUNDLE_IDENTIFIER = "de.tobias-helmrich.AniManager";
				PRODUCT_NAME = "$(TARGET_NAME)";
				SWIFT_VERSION = 3.0;
			};
			name = Release;
		};
/* End XCBuildConfiguration section */

/* Begin XCConfigurationList section */
		D27A77AC1DDF861700228EF2 /* Build configuration list for PBXProject "AniManager" */ = {
			isa = XCConfigurationList;
			buildConfigurations = (
				D27A77C11DDF861700228EF2 /* Debug */,
				D27A77C21DDF861700228EF2 /* Release */,
			);
			defaultConfigurationIsVisible = 0;
			defaultConfigurationName = Release;
		};
		D27A77C31DDF861700228EF2 /* Build configuration list for PBXNativeTarget "AniManager" */ = {
			isa = XCConfigurationList;
			buildConfigurations = (
				D27A77C41DDF861700228EF2 /* Debug */,
				D27A77C51DDF861700228EF2 /* Release */,
			);
			defaultConfigurationIsVisible = 0;
			defaultConfigurationName = Release;
		};
/* End XCConfigurationList section */
	};
	rootObject = D27A77A91DDF861700228EF2 /* Project object */;
}
